
Microsoft Visual Studio Solution File, Format Version 12.00
# Visual Studio Version 17
VisualStudioVersion = 17.4.33122.133
MinimumVisualStudioVersion = 10.0.40219.1
Project("{FAE04EC0-301F-11D3-BF4B-00C04F79EFBC}") = "Task2_CustomDictionary", "Task2_CustomDictionary.csproj", "{BF90BF61-58B8-4C9B-A473-1134F244D8AB}"
EndProject
Global
	GlobalSection(SolutionConfigurationPlatforms) = preSolution
		Debug|Any CPU = Debug|Any CPU
		Release|Any CPU = Release|Any CPU
	EndGlobalSection
	GlobalSection(ProjectConfigurationPlatforms) = postSolution
		{BF90BF61-58B8-4C9B-A473-1134F244D8AB}.Debug|Any CPU.ActiveCfg = Debug|Any CPU
		{BF90BF61-58B8-4C9B-A473-1134F244D8AB}.Debug|Any CPU.Build.0 = Debug|Any CPU
		{BF90BF61-58B8-4C9B-A473-1134F244D8AB}.Release|Any CPU.ActiveCfg = Release|Any CPU
		{BF90BF61-58B8-4C9B-A473-1134F244D8AB}.Release|Any CPU.Build.0 = Release|Any CPU
	EndGlobalSection
	GlobalSection(SolutionProperties) = preSolution
		HideSolutionNode = FALSE
	EndGlobalSection
	GlobalSection(ExtensibilityGlobals) = postSolution
		SolutionGuid = {E5F36621-D0DB-4366-9131-BD2D47C9E2D6}
	EndGlobalSection
EndGlobal
